
Microsoft Visual Studio Solution File, Format Version 12.00
# Visual Studio 15
VisualStudioVersion = 15.0.28307.779
MinimumVisualStudioVersion = 10.0.40219.1
Project("{FAE04EC0-301F-11D3-BF4B-00C04F79EFBC}") = "CountriesApp.Android", "CountriesApp\CountriesApp.Android\CountriesApp.Android.csproj", "{8C529750-830F-4FFF-A3C3-A68718C38FCB}"
EndProject
Project("{FAE04EC0-301F-11D3-BF4B-00C04F79EFBC}") = "CountriesApp.iOS", "CountriesApp\CountriesApp.iOS\CountriesApp.iOS.csproj", "{DAE13354-A58F-420D-B807-0B53ECC45DC5}"
EndProject
Project("{9A19103F-16F7-4668-BE54-9A1E7A4F7556}") = "CountriesApp", "CountriesApp\CountriesApp\CountriesApp.csproj", "{8064A190-32B5-4F70-977F-9DFE216CE527}"
EndProject
Project("{FAE04EC0-301F-11D3-BF4B-00C04F79EFBC}") = "CountriesTest", "CountriesTest\CountriesTest.csproj", "{F2C9A73A-5B81-4973-97BB-E4916D6013A2}"
EndProject
Global
	GlobalSection(SolutionConfigurationPlatforms) = preSolution
		Ad-Hoc|Any CPU = Ad-Hoc|Any CPU
		Ad-Hoc|iPhone = Ad-Hoc|iPhone
		Ad-Hoc|iPhoneSimulator = Ad-Hoc|iPhoneSimulator
		AppStore|Any CPU = AppStore|Any CPU
		AppStore|iPhone = AppStore|iPhone
		AppStore|iPhoneSimulator = AppStore|iPhoneSimulator
		Debug|Any CPU = Debug|Any CPU
		Debug|iPhone = Debug|iPhone
		Debug|iPhoneSimulator = Debug|iPhoneSimulator
		Release|Any CPU = Release|Any CPU
		Release|iPhone = Release|iPhone
		Release|iPhoneSimulator = Release|iPhoneSimulator
	EndGlobalSection
	GlobalSection(ProjectConfigurationPlatforms) = postSolution
		{8C529750-830F-4FFF-A3C3-A68718C38FCB}.Ad-Hoc|Any CPU.ActiveCfg = Release|Any CPU
		{8C529750-830F-4FFF-A3C3-A68718C38FCB}.Ad-Hoc|Any CPU.Build.0 = Release|Any CPU
		{8C529750-830F-4FFF-A3C3-A68718C38FCB}.Ad-Hoc|Any CPU.Deploy.0 = Release|Any CPU
		{8C529750-830F-4FFF-A3C3-A68718C38FCB}.Ad-Hoc|iPhone.ActiveCfg = Release|Any CPU
		{8C529750-830F-4FFF-A3C3-A68718C38FCB}.Ad-Hoc|iPhone.Build.0 = Release|Any CPU
		{8C529750-830F-4FFF-A3C3-A68718C38FCB}.Ad-Hoc|iPhone.Deploy.0 = Release|Any CPU
		{8C529750-830F-4FFF-A3C3-A68718C38FCB}.Ad-Hoc|iPhoneSimulator.ActiveCfg = Release|Any CPU
		{8C529750-830F-4FFF-A3C3-A68718C38FCB}.Ad-Hoc|iPhoneSimulator.Build.0 = Release|Any CPU
		{8C529750-830F-4FFF-A3C3-A68718C38FCB}.Ad-Hoc|iPhoneSimulator.Deploy.0 = Release|Any CPU
		{8C529750-830F-4FFF-A3C3-A68718C38FCB}.AppStore|Any CPU.ActiveCfg = Release|Any CPU
		{8C529750-830F-4FFF-A3C3-A68718C38FCB}.AppStore|Any CPU.Build.0 = Release|Any CPU
		{8C529750-830F-4FFF-A3C3-A68718C38FCB}.AppStore|Any CPU.Deploy.0 = Release|Any CPU
		{8C529750-830F-4FFF-A3C3-A68718C38FCB}.AppStore|iPhone.ActiveCfg = Release|Any CPU
		{8C529750-830F-4FFF-A3C3-A68718C38FCB}.AppStore|iPhone.Build.0 = Release|Any CPU
		{8C529750-830F-4FFF-A3C3-A68718C38FCB}.AppStore|iPhone.Deploy.0 = Release|Any CPU
		{8C529750-830F-4FFF-A3C3-A68718C38FCB}.AppStore|iPhoneSimulator.ActiveCfg = Release|Any CPU
		{8C529750-830F-4FFF-A3C3-A68718C38FCB}.AppStore|iPhoneSimulator.Build.0 = Release|Any CPU
		{8C529750-830F-4FFF-A3C3-A68718C38FCB}.AppStore|iPhoneSimulator.Deploy.0 = Release|Any CPU
		{8C529750-830F-4FFF-A3C3-A68718C38FCB}.Debug|Any CPU.ActiveCfg = Debug|Any CPU
		{8C529750-830F-4FFF-A3C3-A68718C38FCB}.Debug|Any CPU.Build.0 = Debug|Any CPU
		{8C529750-830F-4FFF-A3C3-A68718C38FCB}.Debug|Any CPU.Deploy.0 = Debug|Any CPU
		{8C529750-830F-4FFF-A3C3-A68718C38FCB}.Debug|iPhone.ActiveCfg = Debug|Any CPU
		{8C529750-830F-4FFF-A3C3-A68718C38FCB}.Debug|iPhone.Build.0 = Debug|Any CPU
		{8C529750-830F-4FFF-A3C3-A68718C38FCB}.Debug|iPhone.Deploy.0 = Debug|Any CPU
		{8C529750-830F-4FFF-A3C3-A68718C38FCB}.Debug|iPhoneSimulator.ActiveCfg = Debug|Any CPU
		{8C529750-830F-4FFF-A3C3-A68718C38FCB}.Debug|iPhoneSimulator.Build.0 = Debug|Any CPU
		{8C529750-830F-4FFF-A3C3-A68718C38FCB}.Debug|iPhoneSimulator.Deploy.0 = Debug|Any CPU
		{8C529750-830F-4FFF-A3C3-A68718C38FCB}.Release|Any CPU.ActiveCfg = Release|Any CPU
		{8C529750-830F-4FFF-A3C3-A68718C38FCB}.Release|Any CPU.Build.0 = Release|Any CPU
		{8C529750-830F-4FFF-A3C3-A68718C38FCB}.Release|Any CPU.Deploy.0 = Release|Any CPU
		{8C529750-830F-4FFF-A3C3-A68718C38FCB}.Release|iPhone.ActiveCfg = Release|Any CPU
		{8C529750-830F-4FFF-A3C3-A68718C38FCB}.Release|iPhone.Build.0 = Release|Any CPU
		{8C529750-830F-4FFF-A3C3-A68718C38FCB}.Release|iPhone.Deploy.0 = Release|Any CPU
		{8C529750-830F-4FFF-A3C3-A68718C38FCB}.Release|iPhoneSimulator.ActiveCfg = Release|Any CPU
		{8C529750-830F-4FFF-A3C3-A68718C38FCB}.Release|iPhoneSimulator.Build.0 = Release|Any CPU
		{8C529750-830F-4FFF-A3C3-A68718C38FCB}.Release|iPhoneSimulator.Deploy.0 = Release|Any CPU
		{DAE13354-A58F-420D-B807-0B53ECC45DC5}.Ad-Hoc|Any CPU.ActiveCfg = Ad-Hoc|iPhone
		{DAE13354-A58F-420D-B807-0B53ECC45DC5}.Ad-Hoc|Any CPU.Build.0 = Ad-Hoc|iPhone
		{DAE13354-A58F-420D-B807-0B53ECC45DC5}.Ad-Hoc|Any CPU.Deploy.0 = Ad-Hoc|iPhone
		{DAE13354-A58F-420D-B807-0B53ECC45DC5}.Ad-Hoc|iPhone.ActiveCfg = Ad-Hoc|iPhone
		{DAE13354-A58F-420D-B807-0B53ECC45DC5}.Ad-Hoc|iPhone.Build.0 = Ad-Hoc|iPhone
		{DAE13354-A58F-420D-B807-0B53ECC45DC5}.Ad-Hoc|iPhone.Deploy.0 = Ad-Hoc|iPhone
		{DAE13354-A58F-420D-B807-0B53ECC45DC5}.Ad-Hoc|iPhoneSimulator.ActiveCfg = Ad-Hoc|iPhoneSimulator
		{DAE13354-A58F-420D-B807-0B53ECC45DC5}.Ad-Hoc|iPhoneSimulator.Build.0 = Ad-Hoc|iPhoneSimulator
		{DAE13354-A58F-420D-B807-0B53ECC45DC5}.Ad-Hoc|iPhoneSimulator.Deploy.0 = Ad-Hoc|iPhoneSimulator
		{DAE13354-A58F-420D-B807-0B53ECC45DC5}.AppStore|Any CPU.ActiveCfg = AppStore|iPhone
		{DAE13354-A58F-420D-B807-0B53ECC45DC5}.AppStore|Any CPU.Build.0 = AppStore|iPhone
		{DAE13354-A58F-420D-B807-0B53ECC45DC5}.AppStore|Any CPU.Deploy.0 = AppStore|iPhone
		{DAE13354-A58F-420D-B807-0B53ECC45DC5}.AppStore|iPhone.ActiveCfg = AppStore|iPhone
		{DAE13354-A58F-420D-B807-0B53ECC45DC5}.AppStore|iPhone.Build.0 = AppStore|iPhone
		{DAE13354-A58F-420D-B807-0B53ECC45DC5}.AppStore|iPhone.Deploy.0 = AppStore|iPhone
		{DAE13354-A58F-420D-B807-0B53ECC45DC5}.AppStore|iPhoneSimulator.ActiveCfg = AppStore|iPhoneSimulator
		{DAE13354-A58F-420D-B807-0B53ECC45DC5}.AppStore|iPhoneSimulator.Build.0 = AppStore|iPhoneSimulator
		{DAE13354-A58F-420D-B807-0B53ECC45DC5}.AppStore|iPhoneSimulator.Deploy.0 = AppStore|iPhoneSimulator
		{DAE13354-A58F-420D-B807-0B53ECC45DC5}.Debug|Any CPU.ActiveCfg = Debug|iPhoneSimulator
		{DAE13354-A58F-420D-B807-0B53ECC45DC5}.Debug|Any CPU.Build.0 = Debug|iPhoneSimulator
		{DAE13354-A58F-420D-B807-0B53ECC45DC5}.Debug|Any CPU.Deploy.0 = Debug|iPhoneSimulator
		{DAE13354-A58F-420D-B807-0B53ECC45DC5}.Debug|iPhone.ActiveCfg = Debug|iPhone
		{DAE13354-A58F-420D-B807-0B53ECC45DC5}.Debug|iPhone.Build.0 = Debug|iPhone
		{DAE13354-A58F-420D-B807-0B53ECC45DC5}.Debug|iPhone.Deploy.0 = Debug|iPhone
		{DAE13354-A58F-420D-B807-0B53ECC45DC5}.Debug|iPhoneSimulator.ActiveCfg = Debug|iPhoneSimulator
		{DAE13354-A58F-420D-B807-0B53ECC45DC5}.Debug|iPhoneSimulator.Build.0 = Debug|iPhoneSimulator
		{DAE13354-A58F-420D-B807-0B53ECC45DC5}.Debug|iPhoneSimulator.Deploy.0 = Debug|iPhoneSimulator
		{DAE13354-A58F-420D-B807-0B53ECC45DC5}.Release|Any CPU.ActiveCfg = Release|iPhone
		{DAE13354-A58F-420D-B807-0B53ECC45DC5}.Release|Any CPU.Build.0 = Release|iPhone
		{DAE13354-A58F-420D-B807-0B53ECC45DC5}.Release|Any CPU.Deploy.0 = Release|iPhone
		{DAE13354-A58F-420D-B807-0B53ECC45DC5}.Release|iPhone.ActiveCfg = Release|iPhone
		{DAE13354-A58F-420D-B807-0B53ECC45DC5}.Release|iPhone.Build.0 = Release|iPhone
		{DAE13354-A58F-420D-B807-0B53ECC45DC5}.Release|iPhone.Deploy.0 = Release|iPhone
		{DAE13354-A58F-420D-B807-0B53ECC45DC5}.Release|iPhoneSimulator.ActiveCfg = Release|iPhoneSimulator
		{DAE13354-A58F-420D-B807-0B53ECC45DC5}.Release|iPhoneSimulator.Build.0 = Release|iPhoneSimulator
		{DAE13354-A58F-420D-B807-0B53ECC45DC5}.Release|iPhoneSimulator.Deploy.0 = Release|iPhoneSimulator
		{8064A190-32B5-4F70-977F-9DFE216CE527}.Ad-Hoc|Any CPU.ActiveCfg = Debug|Any CPU
		{8064A190-32B5-4F70-977F-9DFE216CE527}.Ad-Hoc|Any CPU.Build.0 = Debug|Any CPU
		{8064A190-32B5-4F70-977F-9DFE216CE527}.Ad-Hoc|Any CPU.Deploy.0 = Debug|Any CPU
		{8064A190-32B5-4F70-977F-9DFE216CE527}.Ad-Hoc|iPhone.ActiveCfg = Debug|Any CPU
		{8064A190-32B5-4F70-977F-9DFE216CE527}.Ad-Hoc|iPhone.Build.0 = Debug|Any CPU
		{8064A190-32B5-4F70-977F-9DFE216CE527}.Ad-Hoc|iPhone.Deploy.0 = Debug|Any CPU
		{8064A190-32B5-4F70-977F-9DFE216CE527}.Ad-Hoc|iPhoneSimulator.ActiveCfg = Debug|Any CPU
		{8064A190-32B5-4F70-977F-9DFE216CE527}.Ad-Hoc|iPhoneSimulator.Build.0 = Debug|Any CPU
		{8064A190-32B5-4F70-977F-9DFE216CE527}.Ad-Hoc|iPhoneSimulator.Deploy.0 = Debug|Any CPU
		{8064A190-32B5-4F70-977F-9DFE216CE527}.AppStore|Any CPU.ActiveCfg = Debug|Any CPU
		{8064A190-32B5-4F70-977F-9DFE216CE527}.AppStore|Any CPU.Build.0 = Debug|Any CPU
		{8064A190-32B5-4F70-977F-9DFE216CE527}.AppStore|Any CPU.Deploy.0 = Debug|Any CPU
		{8064A190-32B5-4F70-977F-9DFE216CE527}.AppStore|iPhone.ActiveCfg = Debug|Any CPU
		{8064A190-32B5-4F70-977F-9DFE216CE527}.AppStore|iPhone.Build.0 = Debug|Any CPU
		{8064A190-32B5-4F70-977F-9DFE216CE527}.AppStore|iPhone.Deploy.0 = Debug|Any CPU
		{8064A190-32B5-4F70-977F-9DFE216CE527}.AppStore|iPhoneSimulator.ActiveCfg = Debug|Any CPU
		{8064A190-32B5-4F70-977F-9DFE216CE527}.AppStore|iPhoneSimulator.Build.0 = Debug|Any CPU
		{8064A190-32B5-4F70-977F-9DFE216CE527}.AppStore|iPhoneSimulator.Deploy.0 = Debug|Any CPU
		{8064A190-32B5-4F70-977F-9DFE216CE527}.Debug|Any CPU.ActiveCfg = Debug|Any CPU
		{8064A190-32B5-4F70-977F-9DFE216CE527}.Debug|Any CPU.Build.0 = Debug|Any CPU
		{8064A190-32B5-4F70-977F-9DFE216CE527}.Debug|Any CPU.Deploy.0 = Debug|Any CPU
		{8064A190-32B5-4F70-977F-9DFE216CE527}.Debug|iPhone.ActiveCfg = Debug|Any CPU
		{8064A190-32B5-4F70-977F-9DFE216CE527}.Debug|iPhone.Build.0 = Debug|Any CPU
		{8064A190-32B5-4F70-977F-9DFE216CE527}.Debug|iPhone.Deploy.0 = Debug|Any CPU
		{8064A190-32B5-4F70-977F-9DFE216CE527}.Debug|iPhoneSimulator.ActiveCfg = Debug|Any CPU
		{8064A190-32B5-4F70-977F-9DFE216CE527}.Debug|iPhoneSimulator.Build.0 = Debug|Any CPU
		{8064A190-32B5-4F70-977F-9DFE216CE527}.Debug|iPhoneSimulator.Deploy.0 = Debug|Any CPU
		{8064A190-32B5-4F70-977F-9DFE216CE527}.Release|Any CPU.ActiveCfg = Release|Any CPU
		{8064A190-32B5-4F70-977F-9DFE216CE527}.Release|Any CPU.Build.0 = Release|Any CPU
		{8064A190-32B5-4F70-977F-9DFE216CE527}.Release|Any CPU.Deploy.0 = Release|Any CPU
		{8064A190-32B5-4F70-977F-9DFE216CE527}.Release|iPhone.ActiveCfg = Release|Any CPU
		{8064A190-32B5-4F70-977F-9DFE216CE527}.Release|iPhone.Build.0 = Release|Any CPU
		{8064A190-32B5-4F70-977F-9DFE216CE527}.Release|iPhone.Deploy.0 = Release|Any CPU
		{8064A190-32B5-4F70-977F-9DFE216CE527}.Release|iPhoneSimulator.ActiveCfg = Release|Any CPU
		{8064A190-32B5-4F70-977F-9DFE216CE527}.Release|iPhoneSimulator.Build.0 = Release|Any CPU
		{8064A190-32B5-4F70-977F-9DFE216CE527}.Release|iPhoneSimulator.Deploy.0 = Release|Any CPU
		{F2C9A73A-5B81-4973-97BB-E4916D6013A2}.Ad-Hoc|Any CPU.ActiveCfg = Debug|Any CPU
		{F2C9A73A-5B81-4973-97BB-E4916D6013A2}.Ad-Hoc|Any CPU.Build.0 = Debug|Any CPU
		{F2C9A73A-5B81-4973-97BB-E4916D6013A2}.Ad-Hoc|iPhone.ActiveCfg = Debug|Any CPU
		{F2C9A73A-5B81-4973-97BB-E4916D6013A2}.Ad-Hoc|iPhone.Build.0 = Debug|Any CPU
		{F2C9A73A-5B81-4973-97BB-E4916D6013A2}.Ad-Hoc|iPhoneSimulator.ActiveCfg = Debug|Any CPU
		{F2C9A73A-5B81-4973-97BB-E4916D6013A2}.Ad-Hoc|iPhoneSimulator.Build.0 = Debug|Any CPU
		{F2C9A73A-5B81-4973-97BB-E4916D6013A2}.AppStore|Any CPU.ActiveCfg = Debug|Any CPU
		{F2C9A73A-5B81-4973-97BB-E4916D6013A2}.AppStore|Any CPU.Build.0 = Debug|Any CPU
		{F2C9A73A-5B81-4973-97BB-E4916D6013A2}.AppStore|iPhone.ActiveCfg = Debug|Any CPU
		{F2C9A73A-5B81-4973-97BB-E4916D6013A2}.AppStore|iPhone.Build.0 = Debug|Any CPU
		{F2C9A73A-5B81-4973-97BB-E4916D6013A2}.AppStore|iPhoneSimulator.ActiveCfg = Debug|Any CPU
		{F2C9A73A-5B81-4973-97BB-E4916D6013A2}.AppStore|iPhoneSimulator.Build.0 = Debug|Any CPU
		{F2C9A73A-5B81-4973-97BB-E4916D6013A2}.Debug|Any CPU.ActiveCfg = Debug|Any CPU
		{F2C9A73A-5B81-4973-97BB-E4916D6013A2}.Debug|Any CPU.Build.0 = Debug|Any CPU
		{F2C9A73A-5B81-4973-97BB-E4916D6013A2}.Debug|iPhone.ActiveCfg = Debug|Any CPU
		{F2C9A73A-5B81-4973-97BB-E4916D6013A2}.Debug|iPhone.Build.0 = Debug|Any CPU
		{F2C9A73A-5B81-4973-97BB-E4916D6013A2}.Debug|iPhoneSimulator.ActiveCfg = Debug|Any CPU
		{F2C9A73A-5B81-4973-97BB-E4916D6013A2}.Debug|iPhoneSimulator.Build.0 = Debug|Any CPU
		{F2C9A73A-5B81-4973-97BB-E4916D6013A2}.Release|Any CPU.ActiveCfg = Release|Any CPU
		{F2C9A73A-5B81-4973-97BB-E4916D6013A2}.Release|Any CPU.Build.0 = Release|Any CPU
		{F2C9A73A-5B81-4973-97BB-E4916D6013A2}.Release|iPhone.ActiveCfg = Release|Any CPU
		{F2C9A73A-5B81-4973-97BB-E4916D6013A2}.Release|iPhone.Build.0 = Release|Any CPU
		{F2C9A73A-5B81-4973-97BB-E4916D6013A2}.Release|iPhoneSimulator.ActiveCfg = Release|Any CPU
		{F2C9A73A-5B81-4973-97BB-E4916D6013A2}.Release|iPhoneSimulator.Build.0 = Release|Any CPU
	EndGlobalSection
	GlobalSection(SolutionProperties) = preSolution
		HideSolutionNode = FALSE
	EndGlobalSection
	GlobalSection(ExtensibilityGlobals) = postSolution
		SolutionGuid = {4EB07C23-C9F1-4056-9597-4CB26AEEB64D}
	EndGlobalSection
EndGlobal
